PODS:
  - agora_rtc_engine (5.3.1):
    - AgoraIrisRTC_iOS (= 3.7.0.3)
    - AgoraRtcEngine_iOS (= 3.7.0.3)
    - Flutter
  - AgoraIrisRTC_iOS (3.7.0.3)
  - AgoraRtcEngine_iOS (3.7.0.3):
    - AgoraRtcEngine_iOS/AINS (= 3.7.0.3)
    - AgoraRtcEngine_iOS/AV1Dec (= 3.7.0.3)
    - AgoraRtcEngine_iOS/ContentInspect (= 3.7.0.3)
    - AgoraRtcEngine_iOS/FullAudioFormat (= 3.7.0.3)
    - AgoraRtcEngine_iOS/ReplayKit (= 3.7.0.3)
    - AgoraRtcEngine_iOS/ROIEnc (= 3.7.0.3)
    - AgoraRtcEngine_iOS/RtcBasic (= 3.7.0.3)
    - AgoraRtcEngine_iOS/SpatialAudio (= 3.7.0.3)
    - AgoraRtcEngine_iOS/SuperResolution (= 3.7.0.3)
    - AgoraRtcEngine_iOS/VideoPreprocess (= 3.7.0.3)
    - AgoraRtcEngine_iOS/VirtualBackground (= 3.7.0.3)
  - AgoraRtcEngine_iOS/AINS (3.7.0.3)
  - AgoraRtcEngine_iOS/AV1Dec (3.7.0.3)
  - AgoraRtcEngine_iOS/ContentInspect (3.7.0.3)
  - AgoraRtcEngine_iOS/FullAudioFormat (3.7.0.3)
  - AgoraRtcEngine_iOS/ReplayKit (3.7.0.3)
  - AgoraRtcEngine_iOS/ROIEnc (3.7.0.3)
  - AgoraRtcEngine_iOS/RtcBasic (3.7.0.3)
  - AgoraRtcEngine_iOS/SpatialAudio (3.7.0.3)
  - AgoraRtcEngine_iOS/SuperResolution (3.7.0.3)
  - AgoraRtcEngine_iOS/VideoPreprocess (3.7.0.3)
  - AgoraRtcEngine_iOS/VirtualBackground (3.7.0.3)
  - Flutter (1.0.0)
  - path_provider_foundation (0.0.1):
    - Flutter
    - FlutterMacOS
  - permission_handler_apple (9.0.4):
    - Flutter

DEPENDENCIES:
  - agora_rtc_engine (from `.symlinks/plugins/agora_rtc_engine/ios`)
  - Flutter (from `Flutter`)
  - path_provider_foundation (from `.symlinks/plugins/path_provider_foundation/ios`)
  - permission_handler_apple (from `.symlinks/plugins/permission_handler_apple/ios`)

SPEC REPOS:
  trunk:
    - AgoraIrisRTC_iOS
    - AgoraRtcEngine_iOS

EXTERNAL SOURCES:
  agora_rtc_engine:
    :path: ".symlinks/plugins/agora_rtc_engine/ios"
  Flutter:
    :path: Flutter
  path_provider_foundation:
    :path: ".symlinks/plugins/path_provider_foundation/ios"
  permission_handler_apple:
    :path: ".symlinks/plugins/permission_handler_apple/ios"

SPEC CHECKSUMS:
  agora_rtc_engine: 47e0ddc177bae1b85eb00d01a0ea546d87ce0b8b
  AgoraIrisRTC_iOS: d802443ae16f043e7b2805c978880eb62ee8154c
  AgoraRtcEngine_iOS: 549bb3853d5afb18fabca4197786f39f31141da8
  Flutter: f04841e97a9d0b0a8025694d0796dd46242b2854
  path_provider_foundation: 37748e03f12783f9de2cb2c4eadfaa25fe6d4852
  permission_handler_apple: 44366e37eaf29454a1e7b1b7d736c2cceaeb17ce

PODFILE CHECKSUM: fe0e1ee7f3d1f7d00b11b474b62dd62134535aea

COCOAPODS: 1.11.3
